
Microsoft Visual Studio Solution File, Format Version 10.00
# Visual Studio 2008
Project("{F184B08F-C81C-45F6-A57F-5ABD9991F28F}") = "kCura.Relativity.DataReaderClient.NUnit", "kCura.Relativity.DataReaderClient.NUnit.vbproj", "{CCB5EB08-0DF3-433D-887B-47DF3D312736}"
EndProject
Project("{F184B08F-C81C-45F6-A57F-5ABD9991F28F}") = "kCura.Data", "..\..\kCura\kCura.Data\kCura.Data.vbproj", "{6C4D3211-85B6-4A83-9356-7C7F0C319C75}"
EndProject
Project("{F184B08F-C81C-45F6-A57F-5ABD9991F28F}") = "kCura.DynamicFields.Types", "..\..\kCura\kCura.DynamicFields.Types\kCura.DynamicFields.Types.vbproj", "{E8C68A03-7FC4-40AD-BB0B-5F22A3E6447E}"
EndProject
Project("{F184B08F-C81C-45F6-A57F-5ABD9991F28F}") = "kCura.Utility", "..\..\kCura\kCura.Utility\kCura.Utility.vbproj", "{E3450350-56E3-4FE9-A47A-4D24960BCBDB}"
EndProject
Project("{F184B08F-C81C-45F6-A57F-5ABD9991F28F}") = "kCura.EDDS.Import", "..\kCura.EDDS.Import\kCura.EDDS.Import.vbproj", "{94940707-AFFE-47EB-BD70-5ADE8F7C8A36}"
EndProject
Project("{F184B08F-C81C-45F6-A57F-5ABD9991F28F}") = "kCura.EDDS.Types", "..\kCura.EDDS.Types\kCura.EDDS.Types.vbproj", "{6E14C37A-96F5-4488-9E2B-2C1A21C4D140}"
EndProject
Project("{F184B08F-C81C-45F6-A57F-5ABD9991F28F}") = "kCura.ImageValidator", "..\..\kCura\kCura.ImageValidator\kCura.ImageValidator.vbproj", "{C2FD8BF7-723A-4D40-A201-CD7458678A70}"
EndProject
Project("{F184B08F-C81C-45F6-A57F-5ABD9991F28F}") = "kCura.OI.FileID", "..\..\kCura\kCura.OI.FileID\kCura.OI.FileID.vbproj", "{CCEFD50F-0840-402D-AB16-C93F8E579B8B}"
EndProject
Project("{F184B08F-C81C-45F6-A57F-5ABD9991F28F}") = "kCura.WinEDDS", "..\kCura.WinEDDS\kCura.WinEDDS.vbproj", "{F16A2219-5DAC-4F2B-89B0-6BD1243CBF8F}"
EndProject
Project("{F184B08F-C81C-45F6-A57F-5ABD9991F28F}") = "kCura.WinEDDS.ImportExtension", "..\kCura.WinEDDS.ImportExtension\kCura.WinEDDS.ImportExtension.vbproj", "{86550F4B-BEF4-4458-9536-7B5C6F68B0E2}"
EndProject
Project("{F184B08F-C81C-45F6-A57F-5ABD9991F28F}") = "kCura.Windows.Process", "..\..\kCura\kCura.Windows.Process\kCura.Windows.Process.vbproj", "{B092D1B2-909B-4EF0-9369-A81675C3FC18}"
EndProject
Project("{F184B08F-C81C-45F6-A57F-5ABD9991F28F}") = "kCura.Windows.Forms", "..\..\kCura\kCura.Windows.Forms\kCura.Windows.Forms.vbproj", "{0DABBD47-5A46-429F-9D90-C95A58611E0A}"
EndProject
Project("{F184B08F-C81C-45F6-A57F-5ABD9991F28F}") = "kCura.Relativity.DataReaderClient", "..\kCura.Relativity.DataReader\kCura.Relativity.DataReaderClient.vbproj", "{94BD2810-9FD8-4EEE-AA2B-590E4BCD4CC0}"
EndProject
Global
	GlobalSection(SolutionConfigurationPlatforms) = preSolution
		Debug|Any CPU = Debug|Any CPU
		Debug|x64 = Debug|x64
		Debug|x86 = Debug|x86
		Integrate|Any CPU = Integrate|Any CPU
		Integrate|x64 = Integrate|x64
		Integrate|x86 = Integrate|x86
		Release|Any CPU = Release|Any CPU
		Release|x64 = Release|x64
		Release|x86 = Release|x86
		Search|Any CPU = Search|Any CPU
		Search|x64 = Search|x64
		Search|x86 = Search|x86
	EndGlobalSection
	GlobalSection(ProjectConfigurationPlatforms) = postSolution
		{CCB5EB08-0DF3-433D-887B-47DF3D312736}.Debug|Any CPU.ActiveCfg = Debug|Any CPU
		{CCB5EB08-0DF3-433D-887B-47DF3D312736}.Debug|Any CPU.Build.0 = Debug|Any CPU
		{CCB5EB08-0DF3-433D-887B-47DF3D312736}.Debug|x64.ActiveCfg = Debug|x64
		{CCB5EB08-0DF3-433D-887B-47DF3D312736}.Debug|x64.Build.0 = Debug|x64
		{CCB5EB08-0DF3-433D-887B-47DF3D312736}.Debug|x86.ActiveCfg = Debug|x86
		{CCB5EB08-0DF3-433D-887B-47DF3D312736}.Debug|x86.Build.0 = Debug|x86
		{CCB5EB08-0DF3-433D-887B-47DF3D312736}.Integrate|Any CPU.ActiveCfg = Release|Any CPU
		{CCB5EB08-0DF3-433D-887B-47DF3D312736}.Integrate|Any CPU.Build.0 = Release|Any CPU
		{CCB5EB08-0DF3-433D-887B-47DF3D312736}.Integrate|x64.ActiveCfg = Release|Any CPU
		{CCB5EB08-0DF3-433D-887B-47DF3D312736}.Integrate|x86.ActiveCfg = Release|Any CPU
		{CCB5EB08-0DF3-433D-887B-47DF3D312736}.Release|Any CPU.ActiveCfg = Release|Any CPU
		{CCB5EB08-0DF3-433D-887B-47DF3D312736}.Release|Any CPU.Build.0 = Release|Any CPU
		{CCB5EB08-0DF3-433D-887B-47DF3D312736}.Release|x64.ActiveCfg = Release|Any CPU
		{CCB5EB08-0DF3-433D-887B-47DF3D312736}.Release|x86.ActiveCfg = Release|Any CPU
		{CCB5EB08-0DF3-433D-887B-47DF3D312736}.Search|Any CPU.ActiveCfg = Release|Any CPU
		{CCB5EB08-0DF3-433D-887B-47DF3D312736}.Search|Any CPU.Build.0 = Release|Any CPU
		{CCB5EB08-0DF3-433D-887B-47DF3D312736}.Search|x64.ActiveCfg = Release|Any CPU
		{CCB5EB08-0DF3-433D-887B-47DF3D312736}.Search|x86.ActiveCfg = Release|Any CPU
		{6C4D3211-85B6-4A83-9356-7C7F0C319C75}.Debug|Any CPU.ActiveCfg = Debug|Any CPU
		{6C4D3211-85B6-4A83-9356-7C7F0C319C75}.Debug|Any CPU.Build.0 = Debug|Any CPU
		{6C4D3211-85B6-4A83-9356-7C7F0C319C75}.Debug|x64.ActiveCfg = Debug|x64
		{6C4D3211-85B6-4A83-9356-7C7F0C319C75}.Debug|x64.Build.0 = Debug|x64
		{6C4D3211-85B6-4A83-9356-7C7F0C319C75}.Debug|x86.ActiveCfg = Debug|x86
		{6C4D3211-85B6-4A83-9356-7C7F0C319C75}.Debug|x86.Build.0 = Debug|x86
		{6C4D3211-85B6-4A83-9356-7C7F0C319C75}.Integrate|Any CPU.ActiveCfg = Release|x64
		{6C4D3211-85B6-4A83-9356-7C7F0C319C75}.Integrate|x64.ActiveCfg = Release|x64
		{6C4D3211-85B6-4A83-9356-7C7F0C319C75}.Integrate|x64.Build.0 = Release|x64
		{6C4D3211-85B6-4A83-9356-7C7F0C319C75}.Integrate|x86.ActiveCfg = Release|x64
		{6C4D3211-85B6-4A83-9356-7C7F0C319C75}.Release|Any CPU.ActiveCfg = Release|Any CPU
		{6C4D3211-85B6-4A83-9356-7C7F0C319C75}.Release|Any CPU.Build.0 = Release|Any CPU
		{6C4D3211-85B6-4A83-9356-7C7F0C319C75}.Release|x64.ActiveCfg = Release|x64
		{6C4D3211-85B6-4A83-9356-7C7F0C319C75}.Release|x64.Build.0 = Release|x64
		{6C4D3211-85B6-4A83-9356-7C7F0C319C75}.Release|x86.ActiveCfg = Release|x86
		{6C4D3211-85B6-4A83-9356-7C7F0C319C75}.Release|x86.Build.0 = Release|x86
		{6C4D3211-85B6-4A83-9356-7C7F0C319C75}.Search|Any CPU.ActiveCfg = Release|x64
		{6C4D3211-85B6-4A83-9356-7C7F0C319C75}.Search|x64.ActiveCfg = Release|x64
		{6C4D3211-85B6-4A83-9356-7C7F0C319C75}.Search|x64.Build.0 = Release|x64
		{6C4D3211-85B6-4A83-9356-7C7F0C319C75}.Search|x86.ActiveCfg = Release|x64
		{E8C68A03-7FC4-40AD-BB0B-5F22A3E6447E}.Debug|Any CPU.ActiveCfg = Debug|Any CPU
		{E8C68A03-7FC4-40AD-BB0B-5F22A3E6447E}.Debug|Any CPU.Build.0 = Debug|Any CPU
		{E8C68A03-7FC4-40AD-BB0B-5F22A3E6447E}.Debug|x64.ActiveCfg = Debug|x64
		{E8C68A03-7FC4-40AD-BB0B-5F22A3E6447E}.Debug|x64.Build.0 = Debug|x64
		{E8C68A03-7FC4-40AD-BB0B-5F22A3E6447E}.Debug|x86.ActiveCfg = Debug|x86
		{E8C68A03-7FC4-40AD-BB0B-5F22A3E6447E}.Debug|x86.Build.0 = Debug|x86
		{E8C68A03-7FC4-40AD-BB0B-5F22A3E6447E}.Integrate|Any CPU.ActiveCfg = Release|x64
		{E8C68A03-7FC4-40AD-BB0B-5F22A3E6447E}.Integrate|x64.ActiveCfg = Release|x64
		{E8C68A03-7FC4-40AD-BB0B-5F22A3E6447E}.Integrate|x64.Build.0 = Release|x64
		{E8C68A03-7FC4-40AD-BB0B-5F22A3E6447E}.Integrate|x86.ActiveCfg = Release|x64
		{E8C68A03-7FC4-40AD-BB0B-5F22A3E6447E}.Release|Any CPU.ActiveCfg = Release|Any CPU
		{E8C68A03-7FC4-40AD-BB0B-5F22A3E6447E}.Release|Any CPU.Build.0 = Release|Any CPU
		{E8C68A03-7FC4-40AD-BB0B-5F22A3E6447E}.Release|x64.ActiveCfg = Release|x64
		{E8C68A03-7FC4-40AD-BB0B-5F22A3E6447E}.Release|x64.Build.0 = Release|x64
		{E8C68A03-7FC4-40AD-BB0B-5F22A3E6447E}.Release|x86.ActiveCfg = Release|x86
		{E8C68A03-7FC4-40AD-BB0B-5F22A3E6447E}.Release|x86.Build.0 = Release|x86
		{E8C68A03-7FC4-40AD-BB0B-5F22A3E6447E}.Search|Any CPU.ActiveCfg = Release|x64
		{E8C68A03-7FC4-40AD-BB0B-5F22A3E6447E}.Search|x64.ActiveCfg = Release|x64
		{E8C68A03-7FC4-40AD-BB0B-5F22A3E6447E}.Search|x64.Build.0 = Release|x64
		{E8C68A03-7FC4-40AD-BB0B-5F22A3E6447E}.Search|x86.ActiveCfg = Release|x64
		{E3450350-56E3-4FE9-A47A-4D24960BCBDB}.Debug|Any CPU.ActiveCfg = Debug|Any CPU
		{E3450350-56E3-4FE9-A47A-4D24960BCBDB}.Debug|Any CPU.Build.0 = Debug|Any CPU
		{E3450350-56E3-4FE9-A47A-4D24960BCBDB}.Debug|x64.ActiveCfg = Debug|x64
		{E3450350-56E3-4FE9-A47A-4D24960BCBDB}.Debug|x64.Build.0 = Debug|x64
		{E3450350-56E3-4FE9-A47A-4D24960BCBDB}.Debug|x86.ActiveCfg = Debug|x86
		{E3450350-56E3-4FE9-A47A-4D24960BCBDB}.Debug|x86.Build.0 = Debug|x86
		{E3450350-56E3-4FE9-A47A-4D24960BCBDB}.Integrate|Any CPU.ActiveCfg = Release|x64
		{E3450350-56E3-4FE9-A47A-4D24960BCBDB}.Integrate|x64.ActiveCfg = Release|x64
		{E3450350-56E3-4FE9-A47A-4D24960BCBDB}.Integrate|x64.Build.0 = Release|x64
		{E3450350-56E3-4FE9-A47A-4D24960BCBDB}.Integrate|x86.ActiveCfg = Release|x64
		{E3450350-56E3-4FE9-A47A-4D24960BCBDB}.Release|Any CPU.ActiveCfg = Release|Any CPU
		{E3450350-56E3-4FE9-A47A-4D24960BCBDB}.Release|Any CPU.Build.0 = Release|Any CPU
		{E3450350-56E3-4FE9-A47A-4D24960BCBDB}.Release|x64.ActiveCfg = Release|x64
		{E3450350-56E3-4FE9-A47A-4D24960BCBDB}.Release|x64.Build.0 = Release|x64
		{E3450350-56E3-4FE9-A47A-4D24960BCBDB}.Release|x86.ActiveCfg = Release|x86
		{E3450350-56E3-4FE9-A47A-4D24960BCBDB}.Release|x86.Build.0 = Release|x86
		{E3450350-56E3-4FE9-A47A-4D24960BCBDB}.Search|Any CPU.ActiveCfg = Release|x64
		{E3450350-56E3-4FE9-A47A-4D24960BCBDB}.Search|x64.ActiveCfg = Release|x64
		{E3450350-56E3-4FE9-A47A-4D24960BCBDB}.Search|x64.Build.0 = Release|x64
		{E3450350-56E3-4FE9-A47A-4D24960BCBDB}.Search|x86.ActiveCfg = Release|x64
		{94940707-AFFE-47EB-BD70-5ADE8F7C8A36}.Debug|Any CPU.ActiveCfg = Debug|Any CPU
		{94940707-AFFE-47EB-BD70-5ADE8F7C8A36}.Debug|Any CPU.Build.0 = Debug|Any CPU
		{94940707-AFFE-47EB-BD70-5ADE8F7C8A36}.Debug|x64.ActiveCfg = Debug|x64
		{94940707-AFFE-47EB-BD70-5ADE8F7C8A36}.Debug|x64.Build.0 = Debug|x64
		{94940707-AFFE-47EB-BD70-5ADE8F7C8A36}.Debug|x86.ActiveCfg = Debug|x86
		{94940707-AFFE-47EB-BD70-5ADE8F7C8A36}.Debug|x86.Build.0 = Debug|x86
		{94940707-AFFE-47EB-BD70-5ADE8F7C8A36}.Integrate|Any CPU.ActiveCfg = Integrate|Any CPU
		{94940707-AFFE-47EB-BD70-5ADE8F7C8A36}.Integrate|Any CPU.Build.0 = Integrate|Any CPU
		{94940707-AFFE-47EB-BD70-5ADE8F7C8A36}.Integrate|x64.ActiveCfg = Integrate|x64
		{94940707-AFFE-47EB-BD70-5ADE8F7C8A36}.Integrate|x64.Build.0 = Integrate|x64
		{94940707-AFFE-47EB-BD70-5ADE8F7C8A36}.Integrate|x86.ActiveCfg = Integrate|x86
		{94940707-AFFE-47EB-BD70-5ADE8F7C8A36}.Integrate|x86.Build.0 = Integrate|x86
		{94940707-AFFE-47EB-BD70-5ADE8F7C8A36}.Release|Any CPU.ActiveCfg = Release|Any CPU
		{94940707-AFFE-47EB-BD70-5ADE8F7C8A36}.Release|Any CPU.Build.0 = Release|Any CPU
		{94940707-AFFE-47EB-BD70-5ADE8F7C8A36}.Release|x64.ActiveCfg = Release|x64
		{94940707-AFFE-47EB-BD70-5ADE8F7C8A36}.Release|x64.Build.0 = Release|x64
		{94940707-AFFE-47EB-BD70-5ADE8F7C8A36}.Release|x86.ActiveCfg = Release|x86
		{94940707-AFFE-47EB-BD70-5ADE8F7C8A36}.Release|x86.Build.0 = Release|x86
		{94940707-AFFE-47EB-BD70-5ADE8F7C8A36}.Search|Any CPU.ActiveCfg = Integrate|x64
		{94940707-AFFE-47EB-BD70-5ADE8F7C8A36}.Search|x64.ActiveCfg = Integrate|x64
		{94940707-AFFE-47EB-BD70-5ADE8F7C8A36}.Search|x64.Build.0 = Integrate|x64
		{94940707-AFFE-47EB-BD70-5ADE8F7C8A36}.Search|x86.ActiveCfg = Integrate|x64
		{6E14C37A-96F5-4488-9E2B-2C1A21C4D140}.Debug|Any CPU.ActiveCfg = Debug|Any CPU
		{6E14C37A-96F5-4488-9E2B-2C1A21C4D140}.Debug|Any CPU.Build.0 = Debug|Any CPU
		{6E14C37A-96F5-4488-9E2B-2C1A21C4D140}.Debug|x64.ActiveCfg = Debug|x64
		{6E14C37A-96F5-4488-9E2B-2C1A21C4D140}.Debug|x64.Build.0 = Debug|x64
		{6E14C37A-96F5-4488-9E2B-2C1A21C4D140}.Debug|x86.ActiveCfg = Debug|x86
		{6E14C37A-96F5-4488-9E2B-2C1A21C4D140}.Debug|x86.Build.0 = Debug|x86
		{6E14C37A-96F5-4488-9E2B-2C1A21C4D140}.Integrate|Any CPU.ActiveCfg = Release|x64
		{6E14C37A-96F5-4488-9E2B-2C1A21C4D140}.Integrate|x64.ActiveCfg = Release|x64
		{6E14C37A-96F5-4488-9E2B-2C1A21C4D140}.Integrate|x64.Build.0 = Release|x64
		{6E14C37A-96F5-4488-9E2B-2C1A21C4D140}.Integrate|x86.ActiveCfg = Release|x64
		{6E14C37A-96F5-4488-9E2B-2C1A21C4D140}.Release|Any CPU.ActiveCfg = Release|Any CPU
		{6E14C37A-96F5-4488-9E2B-2C1A21C4D140}.Release|Any CPU.Build.0 = Release|Any CPU
		{6E14C37A-96F5-4488-9E2B-2C1A21C4D140}.Release|x64.ActiveCfg = Release|x64
		{6E14C37A-96F5-4488-9E2B-2C1A21C4D140}.Release|x64.Build.0 = Release|x64
		{6E14C37A-96F5-4488-9E2B-2C1A21C4D140}.Release|x86.ActiveCfg = Release|x86
		{6E14C37A-96F5-4488-9E2B-2C1A21C4D140}.Release|x86.Build.0 = Release|x86
		{6E14C37A-96F5-4488-9E2B-2C1A21C4D140}.Search|Any CPU.ActiveCfg = Release|x64
		{6E14C37A-96F5-4488-9E2B-2C1A21C4D140}.Search|x64.ActiveCfg = Release|x64
		{6E14C37A-96F5-4488-9E2B-2C1A21C4D140}.Search|x64.Build.0 = Release|x64
		{6E14C37A-96F5-4488-9E2B-2C1A21C4D140}.Search|x86.ActiveCfg = Release|x64
		{C2FD8BF7-723A-4D40-A201-CD7458678A70}.Debug|Any CPU.ActiveCfg = Debug|Any CPU
		{C2FD8BF7-723A-4D40-A201-CD7458678A70}.Debug|Any CPU.Build.0 = Debug|Any CPU
		{C2FD8BF7-723A-4D40-A201-CD7458678A70}.Debug|x64.ActiveCfg = Debug|x64
		{C2FD8BF7-723A-4D40-A201-CD7458678A70}.Debug|x64.Build.0 = Debug|x64
		{C2FD8BF7-723A-4D40-A201-CD7458678A70}.Debug|x86.ActiveCfg = Debug|x86
		{C2FD8BF7-723A-4D40-A201-CD7458678A70}.Debug|x86.Build.0 = Debug|x86
		{C2FD8BF7-723A-4D40-A201-CD7458678A70}.Integrate|Any CPU.ActiveCfg = Release|x64
		{C2FD8BF7-723A-4D40-A201-CD7458678A70}.Integrate|x64.ActiveCfg = Release|x64
		{C2FD8BF7-723A-4D40-A201-CD7458678A70}.Integrate|x64.Build.0 = Release|x64
		{C2FD8BF7-723A-4D40-A201-CD7458678A70}.Integrate|x86.ActiveCfg = Release|x64
		{C2FD8BF7-723A-4D40-A201-CD7458678A70}.Release|Any CPU.ActiveCfg = Release|Any CPU
		{C2FD8BF7-723A-4D40-A201-CD7458678A70}.Release|Any CPU.Build.0 = Release|Any CPU
		{C2FD8BF7-723A-4D40-A201-CD7458678A70}.Release|x64.ActiveCfg = Release|x64
		{C2FD8BF7-723A-4D40-A201-CD7458678A70}.Release|x64.Build.0 = Release|x64
		{C2FD8BF7-723A-4D40-A201-CD7458678A70}.Release|x86.ActiveCfg = Release|x86
		{C2FD8BF7-723A-4D40-A201-CD7458678A70}.Release|x86.Build.0 = Release|x86
		{C2FD8BF7-723A-4D40-A201-CD7458678A70}.Search|Any CPU.ActiveCfg = Release|x64
		{C2FD8BF7-723A-4D40-A201-CD7458678A70}.Search|x64.ActiveCfg = Release|x64
		{C2FD8BF7-723A-4D40-A201-CD7458678A70}.Search|x64.Build.0 = Release|x64
		{C2FD8BF7-723A-4D40-A201-CD7458678A70}.Search|x86.ActiveCfg = Release|x64
		{CCEFD50F-0840-402D-AB16-C93F8E579B8B}.Debug|Any CPU.ActiveCfg = Debug|Any CPU
		{CCEFD50F-0840-402D-AB16-C93F8E579B8B}.Debug|Any CPU.Build.0 = Debug|Any CPU
		{CCEFD50F-0840-402D-AB16-C93F8E579B8B}.Debug|x64.ActiveCfg = Debug|x64
		{CCEFD50F-0840-402D-AB16-C93F8E579B8B}.Debug|x64.Build.0 = Debug|x64
		{CCEFD50F-0840-402D-AB16-C93F8E579B8B}.Debug|x86.ActiveCfg = Debug|x86
		{CCEFD50F-0840-402D-AB16-C93F8E579B8B}.Debug|x86.Build.0 = Debug|x86
		{CCEFD50F-0840-402D-AB16-C93F8E579B8B}.Integrate|Any CPU.ActiveCfg = Release|x64
		{CCEFD50F-0840-402D-AB16-C93F8E579B8B}.Integrate|x64.ActiveCfg = Release|x64
		{CCEFD50F-0840-402D-AB16-C93F8E579B8B}.Integrate|x64.Build.0 = Release|x64
		{CCEFD50F-0840-402D-AB16-C93F8E579B8B}.Integrate|x86.ActiveCfg = Release|x64
		{CCEFD50F-0840-402D-AB16-C93F8E579B8B}.Release|Any CPU.ActiveCfg = Release|Any CPU
		{CCEFD50F-0840-402D-AB16-C93F8E579B8B}.Release|Any CPU.Build.0 = Release|Any CPU
		{CCEFD50F-0840-402D-AB16-C93F8E579B8B}.Release|x64.ActiveCfg = Release|x64
		{CCEFD50F-0840-402D-AB16-C93F8E579B8B}.Release|x64.Build.0 = Release|x64
		{CCEFD50F-0840-402D-AB16-C93F8E579B8B}.Release|x86.ActiveCfg = Release|x86
		{CCEFD50F-0840-402D-AB16-C93F8E579B8B}.Release|x86.Build.0 = Release|x86
		{CCEFD50F-0840-402D-AB16-C93F8E579B8B}.Search|Any CPU.ActiveCfg = Release|x64
		{CCEFD50F-0840-402D-AB16-C93F8E579B8B}.Search|x64.ActiveCfg = Release|x64
		{CCEFD50F-0840-402D-AB16-C93F8E579B8B}.Search|x64.Build.0 = Release|x64
		{CCEFD50F-0840-402D-AB16-C93F8E579B8B}.Search|x86.ActiveCfg = Release|x64
		{F16A2219-5DAC-4F2B-89B0-6BD1243CBF8F}.Debug|Any CPU.ActiveCfg = Debug|Any CPU
		{F16A2219-5DAC-4F2B-89B0-6BD1243CBF8F}.Debug|Any CPU.Build.0 = Debug|Any CPU
		{F16A2219-5DAC-4F2B-89B0-6BD1243CBF8F}.Debug|x64.ActiveCfg = Debug|x64
		{F16A2219-5DAC-4F2B-89B0-6BD1243CBF8F}.Debug|x64.Build.0 = Debug|x64
		{F16A2219-5DAC-4F2B-89B0-6BD1243CBF8F}.Debug|x86.ActiveCfg = Debug|x86
		{F16A2219-5DAC-4F2B-89B0-6BD1243CBF8F}.Debug|x86.Build.0 = Debug|x86
		{F16A2219-5DAC-4F2B-89B0-6BD1243CBF8F}.Integrate|Any CPU.ActiveCfg = Integrate|Any CPU
		{F16A2219-5DAC-4F2B-89B0-6BD1243CBF8F}.Integrate|Any CPU.Build.0 = Integrate|Any CPU
		{F16A2219-5DAC-4F2B-89B0-6BD1243CBF8F}.Integrate|x64.ActiveCfg = Integrate|x64
		{F16A2219-5DAC-4F2B-89B0-6BD1243CBF8F}.Integrate|x64.Build.0 = Integrate|x64
		{F16A2219-5DAC-4F2B-89B0-6BD1243CBF8F}.Integrate|x86.ActiveCfg = Integrate|x86
		{F16A2219-5DAC-4F2B-89B0-6BD1243CBF8F}.Integrate|x86.Build.0 = Integrate|x86
		{F16A2219-5DAC-4F2B-89B0-6BD1243CBF8F}.Release|Any CPU.ActiveCfg = Release|Any CPU
		{F16A2219-5DAC-4F2B-89B0-6BD1243CBF8F}.Release|Any CPU.Build.0 = Release|Any CPU
		{F16A2219-5DAC-4F2B-89B0-6BD1243CBF8F}.Release|x64.ActiveCfg = Release|x64
		{F16A2219-5DAC-4F2B-89B0-6BD1243CBF8F}.Release|x64.Build.0 = Release|x64
		{F16A2219-5DAC-4F2B-89B0-6BD1243CBF8F}.Release|x86.ActiveCfg = Release|x86
		{F16A2219-5DAC-4F2B-89B0-6BD1243CBF8F}.Release|x86.Build.0 = Release|x86
		{F16A2219-5DAC-4F2B-89B0-6BD1243CBF8F}.Search|Any CPU.ActiveCfg = Integrate|x64
		{F16A2219-5DAC-4F2B-89B0-6BD1243CBF8F}.Search|x64.ActiveCfg = Integrate|x64
		{F16A2219-5DAC-4F2B-89B0-6BD1243CBF8F}.Search|x64.Build.0 = Integrate|x64
		{F16A2219-5DAC-4F2B-89B0-6BD1243CBF8F}.Search|x86.ActiveCfg = Integrate|x64
		{86550F4B-BEF4-4458-9536-7B5C6F68B0E2}.Debug|Any CPU.ActiveCfg = Debug|Any CPU
		{86550F4B-BEF4-4458-9536-7B5C6F68B0E2}.Debug|Any CPU.Build.0 = Debug|Any CPU
		{86550F4B-BEF4-4458-9536-7B5C6F68B0E2}.Debug|x64.ActiveCfg = Debug|x64
		{86550F4B-BEF4-4458-9536-7B5C6F68B0E2}.Debug|x64.Build.0 = Debug|x64
		{86550F4B-BEF4-4458-9536-7B5C6F68B0E2}.Debug|x86.ActiveCfg = Debug|x86
		{86550F4B-BEF4-4458-9536-7B5C6F68B0E2}.Debug|x86.Build.0 = Debug|x86
		{86550F4B-BEF4-4458-9536-7B5C6F68B0E2}.Integrate|Any CPU.ActiveCfg = Release|x86
		{86550F4B-BEF4-4458-9536-7B5C6F68B0E2}.Integrate|x64.ActiveCfg = Release|x86
		{86550F4B-BEF4-4458-9536-7B5C6F68B0E2}.Integrate|x86.ActiveCfg = Release|x86
		{86550F4B-BEF4-4458-9536-7B5C6F68B0E2}.Integrate|x86.Build.0 = Release|x86
		{86550F4B-BEF4-4458-9536-7B5C6F68B0E2}.Release|Any CPU.ActiveCfg = Release|Any CPU
		{86550F4B-BEF4-4458-9536-7B5C6F68B0E2}.Release|Any CPU.Build.0 = Release|Any CPU
		{86550F4B-BEF4-4458-9536-7B5C6F68B0E2}.Release|x64.ActiveCfg = Release|x64
		{86550F4B-BEF4-4458-9536-7B5C6F68B0E2}.Release|x64.Build.0 = Release|x64
		{86550F4B-BEF4-4458-9536-7B5C6F68B0E2}.Release|x86.ActiveCfg = Release|x86
		{86550F4B-BEF4-4458-9536-7B5C6F68B0E2}.Release|x86.Build.0 = Release|x86
		{86550F4B-BEF4-4458-9536-7B5C6F68B0E2}.Search|Any CPU.ActiveCfg = Release|x86
		{86550F4B-BEF4-4458-9536-7B5C6F68B0E2}.Search|x64.ActiveCfg = Release|x86
		{86550F4B-BEF4-4458-9536-7B5C6F68B0E2}.Search|x86.ActiveCfg = Release|x86
		{86550F4B-BEF4-4458-9536-7B5C6F68B0E2}.Search|x86.Build.0 = Release|x86
		{B092D1B2-909B-4EF0-9369-A81675C3FC18}.Debug|Any CPU.ActiveCfg = Debug|Any CPU
		{B092D1B2-909B-4EF0-9369-A81675C3FC18}.Debug|Any CPU.Build.0 = Debug|Any CPU
		{B092D1B2-909B-4EF0-9369-A81675C3FC18}.Debug|x64.ActiveCfg = Debug|x64
		{B092D1B2-909B-4EF0-9369-A81675C3FC18}.Debug|x64.Build.0 = Debug|x64
		{B092D1B2-909B-4EF0-9369-A81675C3FC18}.Debug|x86.ActiveCfg = Debug|x86
		{B092D1B2-909B-4EF0-9369-A81675C3FC18}.Debug|x86.Build.0 = Debug|x86
		{B092D1B2-909B-4EF0-9369-A81675C3FC18}.Integrate|Any CPU.ActiveCfg = Release|x64
		{B092D1B2-909B-4EF0-9369-A81675C3FC18}.Integrate|x64.ActiveCfg = Release|x64
		{B092D1B2-909B-4EF0-9369-A81675C3FC18}.Integrate|x64.Build.0 = Release|x64
		{B092D1B2-909B-4EF0-9369-A81675C3FC18}.Integrate|x86.ActiveCfg = Release|x64
		{B092D1B2-909B-4EF0-9369-A81675C3FC18}.Release|Any CPU.ActiveCfg = Release|Any CPU
		{B092D1B2-909B-4EF0-9369-A81675C3FC18}.Release|Any CPU.Build.0 = Release|Any CPU
		{B092D1B2-909B-4EF0-9369-A81675C3FC18}.Release|x64.ActiveCfg = Release|x64
		{B092D1B2-909B-4EF0-9369-A81675C3FC18}.Release|x64.Build.0 = Release|x64
		{B092D1B2-909B-4EF0-9369-A81675C3FC18}.Release|x86.ActiveCfg = Release|x86
		{B092D1B2-909B-4EF0-9369-A81675C3FC18}.Release|x86.Build.0 = Release|x86
		{B092D1B2-909B-4EF0-9369-A81675C3FC18}.Search|Any CPU.ActiveCfg = Release|x64
		{B092D1B2-909B-4EF0-9369-A81675C3FC18}.Search|x64.ActiveCfg = Release|x64
		{B092D1B2-909B-4EF0-9369-A81675C3FC18}.Search|x64.Build.0 = Release|x64
		{B092D1B2-909B-4EF0-9369-A81675C3FC18}.Search|x86.ActiveCfg = Release|x64
		{0DABBD47-5A46-429F-9D90-C95A58611E0A}.Debug|Any CPU.ActiveCfg = Debug|Any CPU
		{0DABBD47-5A46-429F-9D90-C95A58611E0A}.Debug|Any CPU.Build.0 = Debug|Any CPU
		{0DABBD47-5A46-429F-9D90-C95A58611E0A}.Debug|x64.ActiveCfg = Debug|x64
		{0DABBD47-5A46-429F-9D90-C95A58611E0A}.Debug|x64.Build.0 = Debug|x64
		{0DABBD47-5A46-429F-9D90-C95A58611E0A}.Debug|x86.ActiveCfg = Debug|x86
		{0DABBD47-5A46-429F-9D90-C95A58611E0A}.Debug|x86.Build.0 = Debug|x86
		{0DABBD47-5A46-429F-9D90-C95A58611E0A}.Integrate|Any CPU.ActiveCfg = Integrate|Any CPU
		{0DABBD47-5A46-429F-9D90-C95A58611E0A}.Integrate|Any CPU.Build.0 = Integrate|Any CPU
		{0DABBD47-5A46-429F-9D90-C95A58611E0A}.Integrate|x64.ActiveCfg = Integrate|x64
		{0DABBD47-5A46-429F-9D90-C95A58611E0A}.Integrate|x64.Build.0 = Integrate|x64
		{0DABBD47-5A46-429F-9D90-C95A58611E0A}.Integrate|x86.ActiveCfg = Integrate|x86
		{0DABBD47-5A46-429F-9D90-C95A58611E0A}.Integrate|x86.Build.0 = Integrate|x86
		{0DABBD47-5A46-429F-9D90-C95A58611E0A}.Release|Any CPU.ActiveCfg = Release|Any CPU
		{0DABBD47-5A46-429F-9D90-C95A58611E0A}.Release|Any CPU.Build.0 = Release|Any CPU
		{0DABBD47-5A46-429F-9D90-C95A58611E0A}.Release|x64.ActiveCfg = Release|x64
		{0DABBD47-5A46-429F-9D90-C95A58611E0A}.Release|x64.Build.0 = Release|x64
		{0DABBD47-5A46-429F-9D90-C95A58611E0A}.Release|x86.ActiveCfg = Release|x86
		{0DABBD47-5A46-429F-9D90-C95A58611E0A}.Release|x86.Build.0 = Release|x86
		{0DABBD47-5A46-429F-9D90-C95A58611E0A}.Search|Any CPU.ActiveCfg = Search|Any CPU
		{0DABBD47-5A46-429F-9D90-C95A58611E0A}.Search|Any CPU.Build.0 = Search|Any CPU
		{0DABBD47-5A46-429F-9D90-C95A58611E0A}.Search|x64.ActiveCfg = Search|x64
		{0DABBD47-5A46-429F-9D90-C95A58611E0A}.Search|x64.Build.0 = Search|x64
		{0DABBD47-5A46-429F-9D90-C95A58611E0A}.Search|x86.ActiveCfg = Search|x86
		{0DABBD47-5A46-429F-9D90-C95A58611E0A}.Search|x86.Build.0 = Search|x86
		{94BD2810-9FD8-4EEE-AA2B-590E4BCD4CC0}.Debug|Any CPU.ActiveCfg = Debug|Any CPU
		{94BD2810-9FD8-4EEE-AA2B-590E4BCD4CC0}.Debug|Any CPU.Build.0 = Debug|Any CPU
		{94BD2810-9FD8-4EEE-AA2B-590E4BCD4CC0}.Debug|x64.ActiveCfg = Debug|x64
		{94BD2810-9FD8-4EEE-AA2B-590E4BCD4CC0}.Debug|x64.Build.0 = Debug|x64
		{94BD2810-9FD8-4EEE-AA2B-590E4BCD4CC0}.Debug|x86.ActiveCfg = Debug|x86
		{94BD2810-9FD8-4EEE-AA2B-590E4BCD4CC0}.Debug|x86.Build.0 = Debug|x86
		{94BD2810-9FD8-4EEE-AA2B-590E4BCD4CC0}.Integrate|Any CPU.ActiveCfg = Release|x86
		{94BD2810-9FD8-4EEE-AA2B-590E4BCD4CC0}.Integrate|x64.ActiveCfg = Release|x86
		{94BD2810-9FD8-4EEE-AA2B-590E4BCD4CC0}.Integrate|x86.ActiveCfg = Release|x86
		{94BD2810-9FD8-4EEE-AA2B-590E4BCD4CC0}.Integrate|x86.Build.0 = Release|x86
		{94BD2810-9FD8-4EEE-AA2B-590E4BCD4CC0}.Release|Any CPU.ActiveCfg = Release|Any CPU
		{94BD2810-9FD8-4EEE-AA2B-590E4BCD4CC0}.Release|Any CPU.Build.0 = Release|Any CPU
		{94BD2810-9FD8-4EEE-AA2B-590E4BCD4CC0}.Release|x64.ActiveCfg = Release|x64
		{94BD2810-9FD8-4EEE-AA2B-590E4BCD4CC0}.Release|x64.Build.0 = Release|x64
		{94BD2810-9FD8-4EEE-AA2B-590E4BCD4CC0}.Release|x86.ActiveCfg = Release|x86
		{94BD2810-9FD8-4EEE-AA2B-590E4BCD4CC0}.Release|x86.Build.0 = Release|x86
		{94BD2810-9FD8-4EEE-AA2B-590E4BCD4CC0}.Search|Any CPU.ActiveCfg = Release|x86
		{94BD2810-9FD8-4EEE-AA2B-590E4BCD4CC0}.Search|x64.ActiveCfg = Release|x86
		{94BD2810-9FD8-4EEE-AA2B-590E4BCD4CC0}.Search|x86.ActiveCfg = Release|x86
		{94BD2810-9FD8-4EEE-AA2B-590E4BCD4CC0}.Search|x86.Build.0 = Release|x86
	EndGlobalSection
	GlobalSection(SolutionProperties) = preSolution
		HideSolutionNode = FALSE
	EndGlobalSection
EndGlobal
