
Microsoft Visual Studio Solution File, Format Version 12.00
# Visual Studio 14
VisualStudioVersion = 14.0.25420.1
MinimumVisualStudioVersion = 10.0.40219.1
Project("{F184B08F-C81C-45F6-A57F-5ABD9991F28F}") = "kCura.Relativity.DataReaderClient.NUnit", "kCura.Relativity.DataReaderClient.NUnit.vbproj", "{CCB5EB08-0DF3-433D-887B-47DF3D312736}"
EndProject
Project("{F184B08F-C81C-45F6-A57F-5ABD9991F28F}") = "kCura.ImageValidator", "..\..\kCura\kCura.ImageValidator\kCura.ImageValidator.vbproj", "{C2FD8BF7-723A-4D40-A201-CD7458678A70}"
EndProject
Project("{F184B08F-C81C-45F6-A57F-5ABD9991F28F}") = "kCura.OI.FileID", "..\..\kCura\kCura.OI.FileID\kCura.OI.FileID.vbproj", "{CCEFD50F-0840-402D-AB16-C93F8E579B8B}"
EndProject
Project("{F184B08F-C81C-45F6-A57F-5ABD9991F28F}") = "kCura.WinEDDS", "..\kCura.WinEDDS\kCura.WinEDDS.vbproj", "{F16A2219-5DAC-4F2B-89B0-6BD1243CBF8F}"
EndProject
Project("{F184B08F-C81C-45F6-A57F-5ABD9991F28F}") = "kCura.WinEDDS.ImportExtension", "..\kCura.WinEDDS.ImportExtension\kCura.WinEDDS.ImportExtension.vbproj", "{86550F4B-BEF4-4458-9536-7B5C6F68B0E2}"
EndProject
Project("{F184B08F-C81C-45F6-A57F-5ABD9991F28F}") = "kCura.Windows.Process", "..\..\kCura\kCura.Windows.Process\kCura.Windows.Process.vbproj", "{B092D1B2-909B-4EF0-9369-A81675C3FC18}"
EndProject
Project("{F184B08F-C81C-45F6-A57F-5ABD9991F28F}") = "kCura.Windows.Forms", "..\..\kCura\kCura.Windows.Forms\kCura.Windows.Forms.vbproj", "{0DABBD47-5A46-429F-9D90-C95A58611E0A}"
EndProject
Project("{F184B08F-C81C-45F6-A57F-5ABD9991F28F}") = "kCura.Relativity.DataReaderClient", "..\kCura.Relativity.DataReader\kCura.Relativity.DataReaderClient.vbproj", "{94BD2810-9FD8-4EEE-AA2B-590E4BCD4CC0}"
EndProject
Project("{F184B08F-C81C-45F6-A57F-5ABD9991F28F}") = "Relativity", "..\Relativity\Relativity.vbproj", "{044A6424-BC90-46CE-8805-0053A44AFCAB}"
EndProject
Project("{F184B08F-C81C-45F6-A57F-5ABD9991F28F}") = "kCura.NUnit.Integration", "..\..\kCura\kCura.NUnit.Integration\kCura.NUnit.Integration.vbproj", "{8A6B7E78-51B9-43DB-BBCA-17EE6A49E3FF}"
EndProject
Project("{F184B08F-C81C-45F6-A57F-5ABD9991F28F}") = "kCura", "..\..\kCura\kCura\kCura.vbproj", "{535D782A-2388-416F-AB46-10347E44EEC9}"
EndProject
Global
	GlobalSection(SolutionConfigurationPlatforms) = preSolution
		Debug|Any CPU = Debug|Any CPU
		Release|Any CPU = Release|Any CPU
	EndGlobalSection
	GlobalSection(ProjectConfigurationPlatforms) = postSolution
		{CCB5EB08-0DF3-433D-887B-47DF3D312736}.Debug|Any CPU.ActiveCfg = Debug|Any CPU
		{CCB5EB08-0DF3-433D-887B-47DF3D312736}.Debug|Any CPU.Build.0 = Debug|Any CPU
		{CCB5EB08-0DF3-433D-887B-47DF3D312736}.Release|Any CPU.ActiveCfg = Release|Any CPU
		{CCB5EB08-0DF3-433D-887B-47DF3D312736}.Release|Any CPU.Build.0 = Release|Any CPU
		{C2FD8BF7-723A-4D40-A201-CD7458678A70}.Debug|Any CPU.ActiveCfg = Debug|Any CPU
		{C2FD8BF7-723A-4D40-A201-CD7458678A70}.Debug|Any CPU.Build.0 = Debug|Any CPU
		{C2FD8BF7-723A-4D40-A201-CD7458678A70}.Release|Any CPU.ActiveCfg = Release|Any CPU
		{C2FD8BF7-723A-4D40-A201-CD7458678A70}.Release|Any CPU.Build.0 = Release|Any CPU
		{CCEFD50F-0840-402D-AB16-C93F8E579B8B}.Debug|Any CPU.ActiveCfg = Debug|Any CPU
		{CCEFD50F-0840-402D-AB16-C93F8E579B8B}.Debug|Any CPU.Build.0 = Debug|Any CPU
		{CCEFD50F-0840-402D-AB16-C93F8E579B8B}.Release|Any CPU.ActiveCfg = Release|Any CPU
		{CCEFD50F-0840-402D-AB16-C93F8E579B8B}.Release|Any CPU.Build.0 = Release|Any CPU
		{F16A2219-5DAC-4F2B-89B0-6BD1243CBF8F}.Debug|Any CPU.ActiveCfg = Debug|Any CPU
		{F16A2219-5DAC-4F2B-89B0-6BD1243CBF8F}.Debug|Any CPU.Build.0 = Debug|Any CPU
		{F16A2219-5DAC-4F2B-89B0-6BD1243CBF8F}.Release|Any CPU.ActiveCfg = Release|Any CPU
		{F16A2219-5DAC-4F2B-89B0-6BD1243CBF8F}.Release|Any CPU.Build.0 = Release|Any CPU
		{86550F4B-BEF4-4458-9536-7B5C6F68B0E2}.Debug|Any CPU.ActiveCfg = Debug|Any CPU
		{86550F4B-BEF4-4458-9536-7B5C6F68B0E2}.Debug|Any CPU.Build.0 = Debug|Any CPU
		{86550F4B-BEF4-4458-9536-7B5C6F68B0E2}.Release|Any CPU.ActiveCfg = Release|Any CPU
		{86550F4B-BEF4-4458-9536-7B5C6F68B0E2}.Release|Any CPU.Build.0 = Release|Any CPU
		{B092D1B2-909B-4EF0-9369-A81675C3FC18}.Debug|Any CPU.ActiveCfg = Debug|Any CPU
		{B092D1B2-909B-4EF0-9369-A81675C3FC18}.Debug|Any CPU.Build.0 = Debug|Any CPU
		{B092D1B2-909B-4EF0-9369-A81675C3FC18}.Release|Any CPU.ActiveCfg = Release|Any CPU
		{B092D1B2-909B-4EF0-9369-A81675C3FC18}.Release|Any CPU.Build.0 = Release|Any CPU
		{0DABBD47-5A46-429F-9D90-C95A58611E0A}.Debug|Any CPU.ActiveCfg = Debug|Any CPU
		{0DABBD47-5A46-429F-9D90-C95A58611E0A}.Debug|Any CPU.Build.0 = Debug|Any CPU
		{0DABBD47-5A46-429F-9D90-C95A58611E0A}.Release|Any CPU.ActiveCfg = Release|Any CPU
		{0DABBD47-5A46-429F-9D90-C95A58611E0A}.Release|Any CPU.Build.0 = Release|Any CPU
		{94BD2810-9FD8-4EEE-AA2B-590E4BCD4CC0}.Debug|Any CPU.ActiveCfg = Debug|Any CPU
		{94BD2810-9FD8-4EEE-AA2B-590E4BCD4CC0}.Debug|Any CPU.Build.0 = Debug|Any CPU
		{94BD2810-9FD8-4EEE-AA2B-590E4BCD4CC0}.Release|Any CPU.ActiveCfg = Release|Any CPU
		{94BD2810-9FD8-4EEE-AA2B-590E4BCD4CC0}.Release|Any CPU.Build.0 = Release|Any CPU
		{044A6424-BC90-46CE-8805-0053A44AFCAB}.Debug|Any CPU.ActiveCfg = Debug|Any CPU
		{044A6424-BC90-46CE-8805-0053A44AFCAB}.Debug|Any CPU.Build.0 = Debug|Any CPU
		{044A6424-BC90-46CE-8805-0053A44AFCAB}.Release|Any CPU.ActiveCfg = Release|Any CPU
		{044A6424-BC90-46CE-8805-0053A44AFCAB}.Release|Any CPU.Build.0 = Release|Any CPU
		{8A6B7E78-51B9-43DB-BBCA-17EE6A49E3FF}.Debug|Any CPU.ActiveCfg = Debug|Any CPU
		{8A6B7E78-51B9-43DB-BBCA-17EE6A49E3FF}.Debug|Any CPU.Build.0 = Debug|Any CPU
		{8A6B7E78-51B9-43DB-BBCA-17EE6A49E3FF}.Release|Any CPU.ActiveCfg = Release|Any CPU
		{8A6B7E78-51B9-43DB-BBCA-17EE6A49E3FF}.Release|Any CPU.Build.0 = Release|Any CPU
		{535D782A-2388-416F-AB46-10347E44EEC9}.Debug|Any CPU.ActiveCfg = Debug|Any CPU
		{535D782A-2388-416F-AB46-10347E44EEC9}.Debug|Any CPU.Build.0 = Debug|Any CPU
		{535D782A-2388-416F-AB46-10347E44EEC9}.Integrate|Any CPU.ActiveCfg = Release|Any CPU
		{535D782A-2388-416F-AB46-10347E44EEC9}.Integrate|Any CPU.Build.0 = Release|Any CPU
		{535D782A-2388-416F-AB46-10347E44EEC9}.Release|Any CPU.ActiveCfg = Release|Any CPU
		{535D782A-2388-416F-AB46-10347E44EEC9}.Release|Any CPU.Build.0 = Release|Any CPU
		{535D782A-2388-416F-AB46-10347E44EEC9}.Search|Any CPU.ActiveCfg = Release|Any CPU
		{535D782A-2388-416F-AB46-10347E44EEC9}.Search|Any CPU.Build.0 = Release|Any CPU
	EndGlobalSection
	GlobalSection(SolutionProperties) = preSolution
		HideSolutionNode = FALSE
	EndGlobalSection
EndGlobal
