
Microsoft Visual Studio Solution File, Format Version 12.00
# Visual Studio Version 16
VisualStudioVersion = 16.0.28803.352
MinimumVisualStudioVersion = 10.0.40219.1
Project("{FAE04EC0-301F-11D3-BF4B-00C04F79EFBC}") = "Relativity.DataExchange.Import.NUnit", "Relativity.DataExchange.Import.NUnit\Relativity.DataExchange.Import.NUnit.csproj", "{10DF5B1F-2D12-4201-BA36-D074574F2510}"
EndProject
Project("{2150E333-8FDC-42A3-9474-1A3956D46DE8}") = ".paket", ".paket", "{44D52970-C80E-4D2F-A986-2EB046DCB96B}"
	ProjectSection(SolutionItems) = preProject
		..\paket.dependencies = ..\paket.dependencies
		..\.paket\Relativity.DataExchange.Client.SDK.nuspec = ..\.paket\Relativity.DataExchange.Client.SDK.nuspec
		..\.paket\paket.template.relativity.desktop.client = ..\.paket\paket.template.relativity.desktop.client
		..\.paket\Relativity.DataExchange.Client.SDK.targets = ..\.paket\Relativity.DataExchange.Client.SDK.targets
	EndProjectSection
EndProject
Project("{F184B08F-C81C-45F6-A57F-5ABD9991F28F}") = "Relativity.DataExchange.Import.Legacy.NUnit", "Relativity.DataExchange.Import.Legacy.NUnit\Relativity.DataExchange.Import.Legacy.NUnit.vbproj", "{6B2E3939-E33B-4672-B420-F3B6021DDA78}"
EndProject
Project("{FAE04EC0-301F-11D3-BF4B-00C04F79EFBC}") = "Relativity.DataExchange.Export.NUnit", "Relativity.DataExchange.Export.NUnit\Relativity.DataExchange.Export.NUnit.csproj", "{7E26A5AA-2082-4D83-9E29-CE7F5E5D67F4}"
EndProject
Project("{FAE04EC0-301F-11D3-BF4B-00C04F79EFBC}") = "Relativity.DataExchange.TestFramework", "Relativity.DataExchange.TestFramework\Relativity.DataExchange.TestFramework.csproj", "{FED61746-80EC-40CB-998E-9299B804CE7D}"
EndProject
Project("{F184B08F-C81C-45F6-A57F-5ABD9991F28F}") = "Relativity.Desktop.Client.Legacy.NUnit", "Relativity.Desktop.Client.Legacy.NUnit\Relativity.Desktop.Client.Legacy.NUnit.vbproj", "{A68791C3-A2A3-46C5-8C59-AF6FE6516662}"
EndProject
Project("{FAE04EC0-301F-11D3-BF4B-00C04F79EFBC}") = "Relativity.DataExchange.Import.NUnit.Integration", "Relativity.DataExchange.Import.NUnit.Integration\Relativity.DataExchange.Import.NUnit.Integration.csproj", "{4BC26612-C72D-45D9-9902-88562017EDA0}"
EndProject
Project("{FAE04EC0-301F-11D3-BF4B-00C04F79EFBC}") = "Relativity.DataExchange.Export.NUnit.Integration", "Relativity.DataExchange.Export.NUnit.Integration\Relativity.DataExchange.Export.NUnit.Integration.csproj", "{5AEF327E-1D3A-4231-B4C6-041769248B33}"
EndProject
Project("{FAE04EC0-301F-11D3-BF4B-00C04F79EFBC}") = "Relativity.DataExchange.Core", "Relativity.DataExchange.Core\Relativity.DataExchange.Core.csproj", "{A91F3CCC-CCD1-46BB-A0F3-AD31F8853E31}"
EndProject
Project("{FAE04EC0-301F-11D3-BF4B-00C04F79EFBC}") = "Relativity.DataExchange.NUnit.Integration", "Relativity.DataExchange.NUnit.Integration\Relativity.DataExchange.NUnit.Integration.csproj", "{B6E34ED3-1C41-4DB9-9BD7-24A256A05663}"
EndProject
Project("{FAE04EC0-301F-11D3-BF4B-00C04F79EFBC}") = "Relativity.DataExchange.NUnit", "Relativity.DataExchange.NUnit\Relativity.DataExchange.NUnit.csproj", "{EBDD2E81-9CF1-4070-823D-6ACDF08CDEEE}"
EndProject
Project("{2150E333-8FDC-42A3-9474-1A3956D46DE8}") = "Rdc", "Rdc", "{272C7D84-8FCE-4F14-8D39-E0422E0FF922}"
EndProject
Project("{2150E333-8FDC-42A3-9474-1A3956D46DE8}") = "Api-Shared", "Api-Shared", "{5F3863F0-E6C9-439F-A371-6B95DB928BDE}"
EndProject
Project("{F184B08F-C81C-45F6-A57F-5ABD9991F28F}") = "Relativity.Desktop.Client.Legacy", "Relativity.Desktop.Client.Legacy\Relativity.Desktop.Client.Legacy.vbproj", "{49CDE7EB-9385-41D9-8CD9-687C09C46996}"
EndProject
Project("{2150E333-8FDC-42A3-9474-1A3956D46DE8}") = "Api-Import", "Api-Import", "{D46C8AE9-2431-43EC-9AC6-3CB06EE99453}"
EndProject
Project("{2150E333-8FDC-42A3-9474-1A3956D46DE8}") = "Api-Export", "Api-Export", "{1114F579-C126-48A5-8182-50AB87366325}"
EndProject
Project("{FAE04EC0-301F-11D3-BF4B-00C04F79EFBC}") = "Relativity.DataExchange.Import", "Relativity.DataExchange.Import\Relativity.DataExchange.Import.csproj", "{AB2CBA4C-F2EB-41D7-8CDC-AE6D9E1D885D}"
EndProject
Project("{FAE04EC0-301F-11D3-BF4B-00C04F79EFBC}") = "Relativity.DataExchange.Export", "Relativity.DataExchange.Export\Relativity.DataExchange.Export.csproj", "{410BA79B-DF60-4EDA-86B3-608F3DEE38F5}"
EndProject
Project("{F184B08F-C81C-45F6-A57F-5ABD9991F28F}") = "Relativity.DataExchange.Legacy", "Relativity.DataExchange.Legacy\Relativity.DataExchange.Legacy.vbproj", "{2022E24B-46A1-46DA-A715-36D137436B3A}"
EndProject
Project("{2150E333-8FDC-42A3-9474-1A3956D46DE8}") = "Github", "Github", "{FC4A7043-E43C-4E72-A36A-480315B2F1A8}"
EndProject
Project("{FAE04EC0-301F-11D3-BF4B-00C04F79EFBC}") = "Relativity.DataExchange.Samples.NUnit", "Relativity.DataExchange.Samples.NUnit\Relativity.DataExchange.Samples.NUnit.csproj", "{B0A6B0A0-137F-47E7-B1B2-DEA9859378BE}"
EndProject
Project("{FAE04EC0-301F-11D3-BF4B-00C04F79EFBC}") = "Relativity.DataExchange.Import.NUnit.LoadTests", "Relativity.DataExchange.Import.NUnit.LoadTests\Relativity.DataExchange.Import.NUnit.LoadTests.csproj", "{F86E3808-81B9-41F5-9B11-220910715EB8}"
EndProject
Project("{2150E333-8FDC-42A3-9474-1A3956D46DE8}") = "Solution Items", "Solution Items", "{7EB74D02-898F-47E4-B0BF-D72E58A1AC29}"
	ProjectSection(SolutionItems) = preProject
		.editorconfig = .editorconfig
	EndProjectSection
EndProject
Global
	GlobalSection(SolutionConfigurationPlatforms) = preSolution
		Debug|Any CPU = Debug|Any CPU
		Release|Any CPU = Release|Any CPU
	EndGlobalSection
	GlobalSection(ProjectConfigurationPlatforms) = postSolution
		{10DF5B1F-2D12-4201-BA36-D074574F2510}.Debug|Any CPU.ActiveCfg = Debug|Any CPU
		{10DF5B1F-2D12-4201-BA36-D074574F2510}.Debug|Any CPU.Build.0 = Debug|Any CPU
		{10DF5B1F-2D12-4201-BA36-D074574F2510}.Release|Any CPU.ActiveCfg = Release|Any CPU
		{10DF5B1F-2D12-4201-BA36-D074574F2510}.Release|Any CPU.Build.0 = Release|Any CPU
		{6B2E3939-E33B-4672-B420-F3B6021DDA78}.Debug|Any CPU.ActiveCfg = Debug|Any CPU
		{6B2E3939-E33B-4672-B420-F3B6021DDA78}.Debug|Any CPU.Build.0 = Debug|Any CPU
		{6B2E3939-E33B-4672-B420-F3B6021DDA78}.Release|Any CPU.ActiveCfg = Release|Any CPU
		{6B2E3939-E33B-4672-B420-F3B6021DDA78}.Release|Any CPU.Build.0 = Release|Any CPU
		{7E26A5AA-2082-4D83-9E29-CE7F5E5D67F4}.Debug|Any CPU.ActiveCfg = Debug|Any CPU
		{7E26A5AA-2082-4D83-9E29-CE7F5E5D67F4}.Debug|Any CPU.Build.0 = Debug|Any CPU
		{7E26A5AA-2082-4D83-9E29-CE7F5E5D67F4}.Release|Any CPU.ActiveCfg = Release|Any CPU
		{7E26A5AA-2082-4D83-9E29-CE7F5E5D67F4}.Release|Any CPU.Build.0 = Release|Any CPU
		{FED61746-80EC-40CB-998E-9299B804CE7D}.Debug|Any CPU.ActiveCfg = Debug|Any CPU
		{FED61746-80EC-40CB-998E-9299B804CE7D}.Debug|Any CPU.Build.0 = Debug|Any CPU
		{FED61746-80EC-40CB-998E-9299B804CE7D}.Release|Any CPU.ActiveCfg = Release|Any CPU
		{FED61746-80EC-40CB-998E-9299B804CE7D}.Release|Any CPU.Build.0 = Release|Any CPU
		{A68791C3-A2A3-46C5-8C59-AF6FE6516662}.Debug|Any CPU.ActiveCfg = Debug|Any CPU
		{A68791C3-A2A3-46C5-8C59-AF6FE6516662}.Debug|Any CPU.Build.0 = Debug|Any CPU
		{A68791C3-A2A3-46C5-8C59-AF6FE6516662}.Release|Any CPU.ActiveCfg = Release|Any CPU
		{A68791C3-A2A3-46C5-8C59-AF6FE6516662}.Release|Any CPU.Build.0 = Release|Any CPU
		{4BC26612-C72D-45D9-9902-88562017EDA0}.Debug|Any CPU.ActiveCfg = Debug|Any CPU
		{4BC26612-C72D-45D9-9902-88562017EDA0}.Debug|Any CPU.Build.0 = Debug|Any CPU
		{4BC26612-C72D-45D9-9902-88562017EDA0}.Release|Any CPU.ActiveCfg = Release|Any CPU
		{4BC26612-C72D-45D9-9902-88562017EDA0}.Release|Any CPU.Build.0 = Release|Any CPU
		{5AEF327E-1D3A-4231-B4C6-041769248B33}.Debug|Any CPU.ActiveCfg = Debug|Any CPU
		{5AEF327E-1D3A-4231-B4C6-041769248B33}.Debug|Any CPU.Build.0 = Debug|Any CPU
		{5AEF327E-1D3A-4231-B4C6-041769248B33}.Release|Any CPU.ActiveCfg = Release|Any CPU
		{5AEF327E-1D3A-4231-B4C6-041769248B33}.Release|Any CPU.Build.0 = Release|Any CPU
		{A91F3CCC-CCD1-46BB-A0F3-AD31F8853E31}.Debug|Any CPU.ActiveCfg = Debug|Any CPU
		{A91F3CCC-CCD1-46BB-A0F3-AD31F8853E31}.Debug|Any CPU.Build.0 = Debug|Any CPU
		{A91F3CCC-CCD1-46BB-A0F3-AD31F8853E31}.Release|Any CPU.ActiveCfg = Release|Any CPU
		{A91F3CCC-CCD1-46BB-A0F3-AD31F8853E31}.Release|Any CPU.Build.0 = Release|Any CPU
		{B6E34ED3-1C41-4DB9-9BD7-24A256A05663}.Debug|Any CPU.ActiveCfg = Debug|Any CPU
		{B6E34ED3-1C41-4DB9-9BD7-24A256A05663}.Debug|Any CPU.Build.0 = Debug|Any CPU
		{B6E34ED3-1C41-4DB9-9BD7-24A256A05663}.Release|Any CPU.ActiveCfg = Release|Any CPU
		{B6E34ED3-1C41-4DB9-9BD7-24A256A05663}.Release|Any CPU.Build.0 = Release|Any CPU
		{EBDD2E81-9CF1-4070-823D-6ACDF08CDEEE}.Debug|Any CPU.ActiveCfg = Debug|Any CPU
		{EBDD2E81-9CF1-4070-823D-6ACDF08CDEEE}.Debug|Any CPU.Build.0 = Debug|Any CPU
		{EBDD2E81-9CF1-4070-823D-6ACDF08CDEEE}.Release|Any CPU.ActiveCfg = Release|Any CPU
		{EBDD2E81-9CF1-4070-823D-6ACDF08CDEEE}.Release|Any CPU.Build.0 = Release|Any CPU
		{49CDE7EB-9385-41D9-8CD9-687C09C46996}.Debug|Any CPU.ActiveCfg = Debug|Any CPU
		{49CDE7EB-9385-41D9-8CD9-687C09C46996}.Debug|Any CPU.Build.0 = Debug|Any CPU
		{49CDE7EB-9385-41D9-8CD9-687C09C46996}.Release|Any CPU.ActiveCfg = Release|Any CPU
		{49CDE7EB-9385-41D9-8CD9-687C09C46996}.Release|Any CPU.Build.0 = Release|Any CPU
		{AB2CBA4C-F2EB-41D7-8CDC-AE6D9E1D885D}.Debug|Any CPU.ActiveCfg = Debug|Any CPU
		{AB2CBA4C-F2EB-41D7-8CDC-AE6D9E1D885D}.Debug|Any CPU.Build.0 = Debug|Any CPU
		{AB2CBA4C-F2EB-41D7-8CDC-AE6D9E1D885D}.Release|Any CPU.ActiveCfg = Release|Any CPU
		{AB2CBA4C-F2EB-41D7-8CDC-AE6D9E1D885D}.Release|Any CPU.Build.0 = Release|Any CPU
		{410BA79B-DF60-4EDA-86B3-608F3DEE38F5}.Debug|Any CPU.ActiveCfg = Debug|Any CPU
		{410BA79B-DF60-4EDA-86B3-608F3DEE38F5}.Debug|Any CPU.Build.0 = Debug|Any CPU
		{410BA79B-DF60-4EDA-86B3-608F3DEE38F5}.Release|Any CPU.ActiveCfg = Release|Any CPU
		{410BA79B-DF60-4EDA-86B3-608F3DEE38F5}.Release|Any CPU.Build.0 = Release|Any CPU
		{2022E24B-46A1-46DA-A715-36D137436B3A}.Debug|Any CPU.ActiveCfg = Debug|Any CPU
		{2022E24B-46A1-46DA-A715-36D137436B3A}.Debug|Any CPU.Build.0 = Debug|Any CPU
		{2022E24B-46A1-46DA-A715-36D137436B3A}.Release|Any CPU.ActiveCfg = Release|Any CPU
		{2022E24B-46A1-46DA-A715-36D137436B3A}.Release|Any CPU.Build.0 = Release|Any CPU
		{B0A6B0A0-137F-47E7-B1B2-DEA9859378BE}.Debug|Any CPU.ActiveCfg = Debug|Any CPU
		{B0A6B0A0-137F-47E7-B1B2-DEA9859378BE}.Debug|Any CPU.Build.0 = Debug|Any CPU
		{B0A6B0A0-137F-47E7-B1B2-DEA9859378BE}.Release|Any CPU.ActiveCfg = Release|Any CPU
		{B0A6B0A0-137F-47E7-B1B2-DEA9859378BE}.Release|Any CPU.Build.0 = Release|Any CPU
		{F86E3808-81B9-41F5-9B11-220910715EB8}.Debug|Any CPU.ActiveCfg = Debug|Any CPU
		{F86E3808-81B9-41F5-9B11-220910715EB8}.Debug|Any CPU.Build.0 = Debug|Any CPU
		{F86E3808-81B9-41F5-9B11-220910715EB8}.Release|Any CPU.ActiveCfg = Release|Any CPU
		{F86E3808-81B9-41F5-9B11-220910715EB8}.Release|Any CPU.Build.0 = Release|Any CPU
	EndGlobalSection
	GlobalSection(SolutionProperties) = preSolution
		HideSolutionNode = FALSE
	EndGlobalSection
	GlobalSection(NestedProjects) = preSolution
		{10DF5B1F-2D12-4201-BA36-D074574F2510} = {D46C8AE9-2431-43EC-9AC6-3CB06EE99453}
		{6B2E3939-E33B-4672-B420-F3B6021DDA78} = {D46C8AE9-2431-43EC-9AC6-3CB06EE99453}
		{7E26A5AA-2082-4D83-9E29-CE7F5E5D67F4} = {1114F579-C126-48A5-8182-50AB87366325}
		{FED61746-80EC-40CB-998E-9299B804CE7D} = {5F3863F0-E6C9-439F-A371-6B95DB928BDE}
		{A68791C3-A2A3-46C5-8C59-AF6FE6516662} = {272C7D84-8FCE-4F14-8D39-E0422E0FF922}
		{4BC26612-C72D-45D9-9902-88562017EDA0} = {D46C8AE9-2431-43EC-9AC6-3CB06EE99453}
		{5AEF327E-1D3A-4231-B4C6-041769248B33} = {1114F579-C126-48A5-8182-50AB87366325}
		{A91F3CCC-CCD1-46BB-A0F3-AD31F8853E31} = {5F3863F0-E6C9-439F-A371-6B95DB928BDE}
		{B6E34ED3-1C41-4DB9-9BD7-24A256A05663} = {5F3863F0-E6C9-439F-A371-6B95DB928BDE}
		{EBDD2E81-9CF1-4070-823D-6ACDF08CDEEE} = {5F3863F0-E6C9-439F-A371-6B95DB928BDE}
		{49CDE7EB-9385-41D9-8CD9-687C09C46996} = {272C7D84-8FCE-4F14-8D39-E0422E0FF922}
		{AB2CBA4C-F2EB-41D7-8CDC-AE6D9E1D885D} = {D46C8AE9-2431-43EC-9AC6-3CB06EE99453}
		{410BA79B-DF60-4EDA-86B3-608F3DEE38F5} = {1114F579-C126-48A5-8182-50AB87366325}
		{2022E24B-46A1-46DA-A715-36D137436B3A} = {5F3863F0-E6C9-439F-A371-6B95DB928BDE}
		{B0A6B0A0-137F-47E7-B1B2-DEA9859378BE} = {FC4A7043-E43C-4E72-A36A-480315B2F1A8}
		{F86E3808-81B9-41F5-9B11-220910715EB8} = {D46C8AE9-2431-43EC-9AC6-3CB06EE99453}
	EndGlobalSection
	GlobalSection(ExtensibilityGlobals) = postSolution
		SolutionGuid = {B030F56A-9600-4DC6-B33D-A81BE2C63205}
	EndGlobalSection
EndGlobal
