
Microsoft Visual Studio Solution File, Format Version 12.00
# Visual Studio 15
VisualStudioVersion = 15.0.28307.168
MinimumVisualStudioVersion = 10.0.40219.1
Project("{FAE04EC0-301F-11D3-BF4B-00C04F79EFBC}") = "Relativity.Import.Client.NUnit", "Relativity.Import.Client.NUnit\Relativity.Import.Client.NUnit.csproj", "{10DF5B1F-2D12-4201-BA36-D074574F2510}"
EndProject
Project("{2150E333-8FDC-42A3-9474-1A3956D46DE8}") = ".paket", ".paket", "{44D52970-C80E-4D2F-A986-2EB046DCB96B}"
	ProjectSection(SolutionItems) = preProject
		..\paket.dependencies = ..\paket.dependencies
	EndProjectSection
EndProject
Project("{F184B08F-C81C-45F6-A57F-5ABD9991F28F}") = "Relativity.Import.Client.Legacy.NUnit", "Relativity.Import.Client.Legacy.NUnit\Relativity.Import.Client.Legacy.NUnit.vbproj", "{6B2E3939-E33B-4672-B420-F3B6021DDA78}"
EndProject
Project("{FAE04EC0-301F-11D3-BF4B-00C04F79EFBC}") = "Relativity.Export.Client.NUnit", "Relativity.Export.Client.NUnit\Relativity.Export.Client.NUnit.csproj", "{7E26A5AA-2082-4D83-9E29-CE7F5E5D67F4}"
EndProject
Project("{FAE04EC0-301F-11D3-BF4B-00C04F79EFBC}") = "Relativity.Import.Export.TestFramework", "Relativity.Import.Export.TestFramework\Relativity.Import.Export.TestFramework.csproj", "{FED61746-80EC-40CB-998E-9299B804CE7D}"
EndProject
Project("{F184B08F-C81C-45F6-A57F-5ABD9991F28F}") = "Relativity.Desktop.Client.Legacy.NUnit", "Relativity.Desktop.Client.Legacy.NUnit\Relativity.Desktop.Client.Legacy.NUnit.vbproj", "{A68791C3-A2A3-46C5-8C59-AF6FE6516662}"
EndProject
Project("{FAE04EC0-301F-11D3-BF4B-00C04F79EFBC}") = "Relativity.Desktop.Client.NUnit.Integration", "Relativity.Desktop.Client.NUnit.Integration\Relativity.Desktop.Client.NUnit.Integration.csproj", "{CC6156D2-ACE3-42A1-A5B8-6AFCCA5583B4}"
EndProject
Project("{FAE04EC0-301F-11D3-BF4B-00C04F79EFBC}") = "Relativity.Import.Client.NUnit.Integration", "Relativity.Import.Client.NUnit.Integration\Relativity.Import.Client.NUnit.Integration.csproj", "{4BC26612-C72D-45D9-9902-88562017EDA0}"
EndProject
Project("{FAE04EC0-301F-11D3-BF4B-00C04F79EFBC}") = "Relativity.Import.Client.Samples.NUnit", "Relativity.Import.Client.Samples.NUnit\Relativity.Import.Client.Samples.NUnit.csproj", "{B0A6B0A0-137F-47E7-B1B2-DEA9859378BE}"
EndProject
Project("{FAE04EC0-301F-11D3-BF4B-00C04F79EFBC}") = "Relativity.Export.Client.NUnit.Integration", "Relativity.Export.Client.NUnit.Integration\Relativity.Export.Client.NUnit.Integration.csproj", "{5AEF327E-1D3A-4231-B4C6-041769248B33}"
EndProject
Project("{FAE04EC0-301F-11D3-BF4B-00C04F79EFBC}") = "Relativity.Import.Export.Core", "Relativity.Import.Export.Core\Relativity.Import.Export.Core.csproj", "{A91F3CCC-CCD1-46BB-A0F3-AD31F8853E31}"
EndProject
Project("{FAE04EC0-301F-11D3-BF4B-00C04F79EFBC}") = "Relativity.Import.Export.NUnit.Integration", "Relativity.Import.Export.NUnit.Integration\Relativity.Import.Export.NUnit.Integration.csproj", "{B6E34ED3-1C41-4DB9-9BD7-24A256A05663}"
EndProject
Project("{FAE04EC0-301F-11D3-BF4B-00C04F79EFBC}") = "Relativity.Import.Export.NUnit", "Relativity.Import.Export.NUnit\Relativity.Import.Export.NUnit.csproj", "{EBDD2E81-9CF1-4070-823D-6ACDF08CDEEE}"
EndProject
Project("{2150E333-8FDC-42A3-9474-1A3956D46DE8}") = "Applications", "Applications", "{272C7D84-8FCE-4F14-8D39-E0422E0FF922}"
EndProject
Project("{2150E333-8FDC-42A3-9474-1A3956D46DE8}") = "Core", "Core", "{5F3863F0-E6C9-439F-A371-6B95DB928BDE}"
EndProject
Project("{F184B08F-C81C-45F6-A57F-5ABD9991F28F}") = "Relativity.Desktop.Client.Legacy.Controls", "Relativity.Desktop.Client.Legacy.Controls\Relativity.Desktop.Client.Legacy.Controls.vbproj", "{267AC175-3DAD-4348-9058-D5DB19DEAA57}"
EndProject
Project("{F184B08F-C81C-45F6-A57F-5ABD9991F28F}") = "Relativity.Desktop.Client", "Relativity.Desktop.Client\Relativity.Desktop.Client.vbproj", "{49CDE7EB-9385-41D9-8CD9-687C09C46996}"
EndProject
Project("{2150E333-8FDC-42A3-9474-1A3956D46DE8}") = "Testing", "Testing", "{2BE9542B-FE23-469E-84AA-3FA3BDB9AD8E}"
EndProject
Project("{2150E333-8FDC-42A3-9474-1A3956D46DE8}") = "Samples", "Samples", "{6A19CA81-0AB4-418F-8EAF-804B80465542}"
EndProject
Global
	GlobalSection(SolutionConfigurationPlatforms) = preSolution
		Debug|Any CPU = Debug|Any CPU
		Release|Any CPU = Release|Any CPU
	EndGlobalSection
	GlobalSection(ProjectConfigurationPlatforms) = postSolution
		{10DF5B1F-2D12-4201-BA36-D074574F2510}.Debug|Any CPU.ActiveCfg = Debug|Any CPU
		{10DF5B1F-2D12-4201-BA36-D074574F2510}.Debug|Any CPU.Build.0 = Debug|Any CPU
		{10DF5B1F-2D12-4201-BA36-D074574F2510}.Release|Any CPU.ActiveCfg = Release|Any CPU
		{10DF5B1F-2D12-4201-BA36-D074574F2510}.Release|Any CPU.Build.0 = Release|Any CPU
		{6B2E3939-E33B-4672-B420-F3B6021DDA78}.Debug|Any CPU.ActiveCfg = Debug|Any CPU
		{6B2E3939-E33B-4672-B420-F3B6021DDA78}.Debug|Any CPU.Build.0 = Debug|Any CPU
		{6B2E3939-E33B-4672-B420-F3B6021DDA78}.Release|Any CPU.ActiveCfg = Release|Any CPU
		{6B2E3939-E33B-4672-B420-F3B6021DDA78}.Release|Any CPU.Build.0 = Release|Any CPU
		{7E26A5AA-2082-4D83-9E29-CE7F5E5D67F4}.Debug|Any CPU.ActiveCfg = Debug|Any CPU
		{7E26A5AA-2082-4D83-9E29-CE7F5E5D67F4}.Debug|Any CPU.Build.0 = Debug|Any CPU
		{7E26A5AA-2082-4D83-9E29-CE7F5E5D67F4}.Release|Any CPU.ActiveCfg = Release|Any CPU
		{7E26A5AA-2082-4D83-9E29-CE7F5E5D67F4}.Release|Any CPU.Build.0 = Release|Any CPU
		{FED61746-80EC-40CB-998E-9299B804CE7D}.Debug|Any CPU.ActiveCfg = Debug|Any CPU
		{FED61746-80EC-40CB-998E-9299B804CE7D}.Debug|Any CPU.Build.0 = Debug|Any CPU
		{FED61746-80EC-40CB-998E-9299B804CE7D}.Release|Any CPU.ActiveCfg = Release|Any CPU
		{FED61746-80EC-40CB-998E-9299B804CE7D}.Release|Any CPU.Build.0 = Release|Any CPU
		{A68791C3-A2A3-46C5-8C59-AF6FE6516662}.Debug|Any CPU.ActiveCfg = Debug|Any CPU
		{A68791C3-A2A3-46C5-8C59-AF6FE6516662}.Debug|Any CPU.Build.0 = Debug|Any CPU
		{A68791C3-A2A3-46C5-8C59-AF6FE6516662}.Release|Any CPU.ActiveCfg = Release|Any CPU
		{A68791C3-A2A3-46C5-8C59-AF6FE6516662}.Release|Any CPU.Build.0 = Release|Any CPU
		{CC6156D2-ACE3-42A1-A5B8-6AFCCA5583B4}.Debug|Any CPU.ActiveCfg = Debug|Any CPU
		{CC6156D2-ACE3-42A1-A5B8-6AFCCA5583B4}.Debug|Any CPU.Build.0 = Debug|Any CPU
		{CC6156D2-ACE3-42A1-A5B8-6AFCCA5583B4}.Release|Any CPU.ActiveCfg = Release|Any CPU
		{CC6156D2-ACE3-42A1-A5B8-6AFCCA5583B4}.Release|Any CPU.Build.0 = Release|Any CPU
		{4BC26612-C72D-45D9-9902-88562017EDA0}.Debug|Any CPU.ActiveCfg = Debug|Any CPU
		{4BC26612-C72D-45D9-9902-88562017EDA0}.Debug|Any CPU.Build.0 = Debug|Any CPU
		{4BC26612-C72D-45D9-9902-88562017EDA0}.Release|Any CPU.ActiveCfg = Release|Any CPU
		{4BC26612-C72D-45D9-9902-88562017EDA0}.Release|Any CPU.Build.0 = Release|Any CPU
		{B0A6B0A0-137F-47E7-B1B2-DEA9859378BE}.Debug|Any CPU.ActiveCfg = Debug|Any CPU
		{B0A6B0A0-137F-47E7-B1B2-DEA9859378BE}.Debug|Any CPU.Build.0 = Debug|Any CPU
		{B0A6B0A0-137F-47E7-B1B2-DEA9859378BE}.Release|Any CPU.ActiveCfg = Release|Any CPU
		{B0A6B0A0-137F-47E7-B1B2-DEA9859378BE}.Release|Any CPU.Build.0 = Release|Any CPU
		{5AEF327E-1D3A-4231-B4C6-041769248B33}.Debug|Any CPU.ActiveCfg = Debug|Any CPU
		{5AEF327E-1D3A-4231-B4C6-041769248B33}.Debug|Any CPU.Build.0 = Debug|Any CPU
		{5AEF327E-1D3A-4231-B4C6-041769248B33}.Release|Any CPU.ActiveCfg = Release|Any CPU
		{5AEF327E-1D3A-4231-B4C6-041769248B33}.Release|Any CPU.Build.0 = Release|Any CPU
		{A91F3CCC-CCD1-46BB-A0F3-AD31F8853E31}.Debug|Any CPU.ActiveCfg = Debug|Any CPU
		{A91F3CCC-CCD1-46BB-A0F3-AD31F8853E31}.Debug|Any CPU.Build.0 = Debug|Any CPU
		{A91F3CCC-CCD1-46BB-A0F3-AD31F8853E31}.Release|Any CPU.ActiveCfg = Release|Any CPU
		{A91F3CCC-CCD1-46BB-A0F3-AD31F8853E31}.Release|Any CPU.Build.0 = Release|Any CPU
		{B6E34ED3-1C41-4DB9-9BD7-24A256A05663}.Debug|Any CPU.ActiveCfg = Debug|Any CPU
		{B6E34ED3-1C41-4DB9-9BD7-24A256A05663}.Debug|Any CPU.Build.0 = Debug|Any CPU
		{B6E34ED3-1C41-4DB9-9BD7-24A256A05663}.Release|Any CPU.ActiveCfg = Release|Any CPU
		{B6E34ED3-1C41-4DB9-9BD7-24A256A05663}.Release|Any CPU.Build.0 = Release|Any CPU
		{EBDD2E81-9CF1-4070-823D-6ACDF08CDEEE}.Debug|Any CPU.ActiveCfg = Debug|Any CPU
		{EBDD2E81-9CF1-4070-823D-6ACDF08CDEEE}.Debug|Any CPU.Build.0 = Debug|Any CPU
		{EBDD2E81-9CF1-4070-823D-6ACDF08CDEEE}.Release|Any CPU.ActiveCfg = Release|Any CPU
		{EBDD2E81-9CF1-4070-823D-6ACDF08CDEEE}.Release|Any CPU.Build.0 = Release|Any CPU
		{267AC175-3DAD-4348-9058-D5DB19DEAA57}.Debug|Any CPU.ActiveCfg = Debug|Any CPU
		{267AC175-3DAD-4348-9058-D5DB19DEAA57}.Debug|Any CPU.Build.0 = Debug|Any CPU
		{267AC175-3DAD-4348-9058-D5DB19DEAA57}.Release|Any CPU.ActiveCfg = Release|Any CPU
		{267AC175-3DAD-4348-9058-D5DB19DEAA57}.Release|Any CPU.Build.0 = Release|Any CPU
		{49CDE7EB-9385-41D9-8CD9-687C09C46996}.Debug|Any CPU.ActiveCfg = Debug|Any CPU
		{49CDE7EB-9385-41D9-8CD9-687C09C46996}.Debug|Any CPU.Build.0 = Debug|Any CPU
		{49CDE7EB-9385-41D9-8CD9-687C09C46996}.Release|Any CPU.ActiveCfg = Release|Any CPU
		{49CDE7EB-9385-41D9-8CD9-687C09C46996}.Release|Any CPU.Build.0 = Release|Any CPU
	EndGlobalSection
	GlobalSection(SolutionProperties) = preSolution
		HideSolutionNode = FALSE
	EndGlobalSection
	GlobalSection(NestedProjects) = preSolution
		{10DF5B1F-2D12-4201-BA36-D074574F2510} = {2BE9542B-FE23-469E-84AA-3FA3BDB9AD8E}
		{6B2E3939-E33B-4672-B420-F3B6021DDA78} = {2BE9542B-FE23-469E-84AA-3FA3BDB9AD8E}
		{7E26A5AA-2082-4D83-9E29-CE7F5E5D67F4} = {2BE9542B-FE23-469E-84AA-3FA3BDB9AD8E}
		{FED61746-80EC-40CB-998E-9299B804CE7D} = {2BE9542B-FE23-469E-84AA-3FA3BDB9AD8E}
		{A68791C3-A2A3-46C5-8C59-AF6FE6516662} = {2BE9542B-FE23-469E-84AA-3FA3BDB9AD8E}
		{CC6156D2-ACE3-42A1-A5B8-6AFCCA5583B4} = {2BE9542B-FE23-469E-84AA-3FA3BDB9AD8E}
		{4BC26612-C72D-45D9-9902-88562017EDA0} = {2BE9542B-FE23-469E-84AA-3FA3BDB9AD8E}
		{B0A6B0A0-137F-47E7-B1B2-DEA9859378BE} = {6A19CA81-0AB4-418F-8EAF-804B80465542}
		{5AEF327E-1D3A-4231-B4C6-041769248B33} = {2BE9542B-FE23-469E-84AA-3FA3BDB9AD8E}
		{A91F3CCC-CCD1-46BB-A0F3-AD31F8853E31} = {5F3863F0-E6C9-439F-A371-6B95DB928BDE}
		{B6E34ED3-1C41-4DB9-9BD7-24A256A05663} = {2BE9542B-FE23-469E-84AA-3FA3BDB9AD8E}
		{EBDD2E81-9CF1-4070-823D-6ACDF08CDEEE} = {2BE9542B-FE23-469E-84AA-3FA3BDB9AD8E}
		{267AC175-3DAD-4348-9058-D5DB19DEAA57} = {272C7D84-8FCE-4F14-8D39-E0422E0FF922}
		{49CDE7EB-9385-41D9-8CD9-687C09C46996} = {272C7D84-8FCE-4F14-8D39-E0422E0FF922}
	EndGlobalSection
	GlobalSection(ExtensibilityGlobals) = postSolution
		SolutionGuid = {B030F56A-9600-4DC6-B33D-A81BE2C63205}
	EndGlobalSection
EndGlobal
